{
  "name": "pymanim.github.io",
  "lockfileVersion": 3,
  "requires": true,
  "packages": {
    "": {
      "dependencies": {
        "gitbook-plugin-anchor-navigation-ex": "^1.0.14",
        "gitbook-plugin-expandable-chapters": "^0.2.0",
        "gitbook-plugin-highlight": "^2.0.3",
        "gitbook-plugin-prism": "^2.4.0"
      },
      "devDependencies": {
        "gitbook-plugin-code": "^0.1.0",
        "gitbook-plugin-lunr": "^1.2.0",
        "gitbook-plugin-search": "^2.2.1",
        "gitbook-plugin-search-pro": "^2.0.2",
        "gitbook-plugin-sidebar-style": "^1.0.2",
        "gitbook-plugin-splitter": "^0.0.8"
      }
    },
    "node_modules/boolbase": {
      "version": "1.0.0",
      "resolved": "https://registry.npmmirror.com/boolbase/-/boolbase-1.0.0.tgz",
      "integrity": "sha512-JZOSA7Mo9sNGB8+UjSgzdLtokWAky1zbztM3WRLCbZ70/3cTANmQmOdR7y2g+J0e2WXywy1yS468tY+IruqEww==",
      "license": "ISC"
    },
    "node_modules/cheerio": {
      "version": "1.0.0",
      "resolved": "https://registry.npmmirror.com/cheerio/-/cheerio-1.0.0.tgz",
      "integrity": "sha512-quS9HgjQpdaXOvsZz82Oz7uxtXiy6UIsIQcpBj7HRw2M63Skasm9qlDocAM7jNuaxdhpPU7c4kJN+gA5MCu4ww==",
      "license": "MIT",
      "dependencies": {
        "cheerio-select": "^2.1.0",
        "dom-serializer": "^2.0.0",
        "domhandler": "^5.0.3",
        "domutils": "^3.1.0",
        "encoding-sniffer": "^0.2.0",
        "htmlparser2": "^9.1.0",
        "parse5": "^7.1.2",
        "parse5-htmlparser2-tree-adapter": "^7.0.0",
        "parse5-parser-stream": "^7.1.2",
        "undici": "^6.19.5",
        "whatwg-mimetype": "^4.0.0"
      },
      "engines": {
        "node": ">=18.17"
      },
      "funding": {
        "url": "https://github.com/cheeriojs/cheerio?sponsor=1"
      }
    },
    "node_modules/cheerio-select": {
      "version": "2.1.0",
      "resolved": "https://registry.npmmirror.com/cheerio-select/-/cheerio-select-2.1.0.tgz",
      "integrity": "sha512-9v9kG0LvzrlcungtnJtpGNxY+fzECQKhK4EGJX2vByejiMX84MFNQw4UxPJl3bFbTMw+Dfs37XaIkCwTZfLh4g==",
      "license": "BSD-2-Clause",
      "dependencies": {
        "boolbase": "^1.0.0",
        "css-select": "^5.1.0",
        "css-what": "^6.1.0",
        "domelementtype": "^2.3.0",
        "domhandler": "^5.0.3",
        "domutils": "^3.0.1"
      },
      "funding": {
        "url": "https://github.com/sponsors/fb55"
      }
    },
    "node_modules/colors": {
      "version": "1.4.0",
      "resolved": "https://registry.npmmirror.com/colors/-/colors-1.4.0.tgz",
      "integrity": "sha512-a+UqTh4kgZg/SlGvfbzDHpgRu7AAQOmmqRHJnxhRZICKFUT91brVhNNt58CMWU9PsBbv3PDCZUHbVxuDiH2mtA==",
      "license": "MIT",
      "engines": {
        "node": ">=0.1.90"
      }
    },
    "node_modules/css-select": {
      "version": "5.1.0",
      "resolved": "https://registry.npmmirror.com/css-select/-/css-select-5.1.0.tgz",
      "integrity": "sha512-nwoRF1rvRRnnCqqY7updORDsuqKzqYJ28+oSMaJMMgOauh3fvwHqMS7EZpIPqK8GL+g9mKxF1vP/ZjSeNjEVHg==",
      "license": "BSD-2-Clause",
      "dependencies": {
        "boolbase": "^1.0.0",
        "css-what": "^6.1.0",
        "domhandler": "^5.0.2",
        "domutils": "^3.0.1",
        "nth-check": "^2.0.1"
      },
      "funding": {
        "url": "https://github.com/sponsors/fb55"
      }
    },
    "node_modules/css-what": {
      "version": "6.1.0",
      "resolved": "https://registry.npmmirror.com/css-what/-/css-what-6.1.0.tgz",
      "integrity": "sha512-HTUrgRJ7r4dsZKU6GjmpfRK1O76h97Z8MfS1G0FozR+oF2kG6Vfe8JE6zwrkbxigziPHinCJ+gCPjA9EaBDtRw==",
      "license": "BSD-2-Clause",
      "engines": {
        "node": ">= 6"
      },
      "funding": {
        "url": "https://github.com/sponsors/fb55"
      }
    },
    "node_modules/dom-serializer": {
      "version": "2.0.0",
      "resolved": "https://registry.npmmirror.com/dom-serializer/-/dom-serializer-2.0.0.tgz",
      "integrity": "sha512-wIkAryiqt/nV5EQKqQpo3SToSOV9J0DnbJqwK7Wv/Trc92zIAYZ4FlMu+JPFW1DfGFt81ZTCGgDEabffXeLyJg==",
      "license": "MIT",
      "dependencies": {
        "domelementtype": "^2.3.0",
        "domhandler": "^5.0.2",
        "entities": "^4.2.0"
      },
      "funding": {
        "url": "https://github.com/cheeriojs/dom-serializer?sponsor=1"
      }
    },
    "node_modules/domelementtype": {
      "version": "2.3.0",
      "resolved": "https://registry.npmmirror.com/domelementtype/-/domelementtype-2.3.0.tgz",
      "integrity": "sha512-OLETBj6w0OsagBwdXnPdN0cnMfF9opN69co+7ZrbfPGrdpPVNBUj02spi6B1N7wChLQiPn4CSH/zJvXw56gmHw==",
      "funding": [
        {
          "type": "github",
          "url": "https://github.com/sponsors/fb55"
        }
      ],
      "license": "BSD-2-Clause"
    },
    "node_modules/domhandler": {
      "version": "5.0.3",
      "resolved": "https://registry.npmmirror.com/domhandler/-/domhandler-5.0.3.tgz",
      "integrity": "sha512-cgwlv/1iFQiFnU96XXgROh8xTeetsnJiDsTc7TYCLFd9+/WNkIqPTxiM/8pSd8VIrhXGTf1Ny1q1hquVqDJB5w==",
      "license": "BSD-2-Clause",
      "dependencies": {
        "domelementtype": "^2.3.0"
      },
      "engines": {
        "node": ">= 4"
      },
      "funding": {
        "url": "https://github.com/fb55/domhandler?sponsor=1"
      }
    },
    "node_modules/domutils": {
      "version": "3.1.0",
      "resolved": "https://registry.npmmirror.com/domutils/-/domutils-3.1.0.tgz",
      "integrity": "sha512-H78uMmQtI2AhgDJjWeQmHwJJ2bLPD3GMmO7Zja/ZZh84wkm+4ut+IUnUdRa8uCGX88DiVx1j6FRe1XfxEgjEZA==",
      "license": "BSD-2-Clause",
      "dependencies": {
        "dom-serializer": "^2.0.0",
        "domelementtype": "^2.3.0",
        "domhandler": "^5.0.3"
      },
      "funding": {
        "url": "https://github.com/fb55/domutils?sponsor=1"
      }
    },
    "node_modules/encoding-sniffer": {
      "version": "0.2.0",
      "resolved": "https://registry.npmmirror.com/encoding-sniffer/-/encoding-sniffer-0.2.0.tgz",
      "integrity": "sha512-ju7Wq1kg04I3HtiYIOrUrdfdDvkyO9s5XM8QAj/bN61Yo/Vb4vgJxy5vi4Yxk01gWHbrofpPtpxM8bKger9jhg==",
      "license": "MIT",
      "dependencies": {
        "iconv-lite": "^0.6.3",
        "whatwg-encoding": "^3.1.1"
      },
      "funding": {
        "url": "https://github.com/fb55/encoding-sniffer?sponsor=1"
      }
    },
    "node_modules/entities": {
      "version": "4.5.0",
      "resolved": "https://registry.npmmirror.com/entities/-/entities-4.5.0.tgz",
      "integrity": "sha512-V0hjH4dGPh9Ao5p0MoRY6BVqtwCjhz6vI5LT8AJ55H+4g9/4vbHx1I54fS0XuclLhDHArPQCiMjDxjaL8fPxhw==",
      "license": "BSD-2-Clause",
      "engines": {
        "node": ">=0.12"
      },
      "funding": {
        "url": "https://github.com/fb55/entities?sponsor=1"
      }
    },
    "node_modules/gitbook-plugin-anchor-navigation-ex": {
      "version": "1.0.14",
      "resolved": "https://registry.npmmirror.com/gitbook-plugin-anchor-navigation-ex/-/gitbook-plugin-anchor-navigation-ex-1.0.14.tgz",
      "integrity": "sha512-SEPrBRHYB+l+I8oRpME7HYOMqRDqWg08Y6t0FKd6PYz+sTYXogMjn3Nz3pbCDYBjzDI5/hXwmcMCBEpwG/m8SQ==",
      "license": "GPL-3.0",
      "dependencies": {
        "cheerio": "*",
        "colors": "^1.1.2",
        "github-slugid": "1.0.1"
      },
      "engines": {
        "gitbook": ">=3.0.0"
      }
    },
    "node_modules/gitbook-plugin-code": {
      "version": "0.1.0",
      "resolved": "https://registry.npmmirror.com/gitbook-plugin-code/-/gitbook-plugin-code-0.1.0.tgz",
      "integrity": "sha512-TE8CUFlN7da4SiN2LYx8qk+FX5w2O2IicEcn48sPTpA8gj9qKQqpYpGEdwgsDEev11shEjCZhDwFN//GQ7bdnA==",
      "dev": true,
      "license": "MIT",
      "engines": {
        "gitbook": ">2.5.0"
      }
    },
    "node_modules/gitbook-plugin-expandable-chapters": {
      "version": "0.2.0",
      "resolved": "https://registry.npmmirror.com/gitbook-plugin-expandable-chapters/-/gitbook-plugin-expandable-chapters-0.2.0.tgz",
      "integrity": "sha512-oEFVR/5UrjQYsu/WWPLiwgB2kUi9V3T+JqifBBzEvC45aPNmV1Jx/zoWSlISYSN9M5f8/l1DPl5zkL5hFSFfgA==",
      "license": "Apache 2",
      "engines": {
        "gitbook": ">=0.4.6"
      }
    },
    "node_modules/gitbook-plugin-highlight": {
      "version": "2.0.3",
      "resolved": "https://registry.npmmirror.com/gitbook-plugin-highlight/-/gitbook-plugin-highlight-2.0.3.tgz",
      "integrity": "sha512-ahyWXKr1WhEYHbiezJD9jydht0+J6BvXrAv0AHzjft+IkFjZt9uYIygQGCJxi/KgyDcmOimWFm9Jv51YE8/4aQ==",
      "license": "Apache 2",
      "dependencies": {
        "highlight.js": "9.8.0"
      },
      "engines": {
        "gitbook": ">=2.4.0"
      }
    },
    "node_modules/gitbook-plugin-lunr": {
      "version": "1.2.0",
      "resolved": "https://registry.npmmirror.com/gitbook-plugin-lunr/-/gitbook-plugin-lunr-1.2.0.tgz",
      "integrity": "sha512-QBfFLMZmoyOfLzc5aZrlRCkmzb9YcSjzdnyJFiRI/nX+Nd6kK1XyN4DLGnNSMHkRcJchcpWiQ6XGqSqo7e+d+g==",
      "dev": true,
      "license": "Apache-2.0",
      "dependencies": {
        "gitbook-plugin-search": "*",
        "html-entities": "1.2.0",
        "lunr": "0.5.12"
      },
      "engines": {
        "gitbook": ">=3.0.0-pre.0"
      }
    },
    "node_modules/gitbook-plugin-prism": {
      "version": "2.4.0",
      "resolved": "https://registry.npmmirror.com/gitbook-plugin-prism/-/gitbook-plugin-prism-2.4.0.tgz",
      "integrity": "sha512-qt16TmNJA5SVpFF+4OhiaPf5VHg/aWj9QFuYEC/dUHmBgYbaq5HMwsqGFFXj4N/zwqAzr3YDiq1V/udsU5D1qA==",
      "license": "Apache-2.0",
      "dependencies": {
        "cheerio": "0.22.0",
        "mkdirp": "0.5.1",
        "prismjs": "^1.15.0"
      },
      "engines": {
        "gitbook": ">=2.4.1 <4.0.0"
      }
    },
    "node_modules/gitbook-plugin-prism/node_modules/cheerio": {
      "version": "0.22.0",
      "resolved": "https://registry.npmmirror.com/cheerio/-/cheerio-0.22.0.tgz",
      "integrity": "sha512-8/MzidM6G/TgRelkzDG13y3Y9LxBjCb+8yOEZ9+wwq5gVF2w2pV0wmHvjfT0RvuxGyR7UEuK36r+yYMbT4uKgA==",
      "license": "MIT",
      "dependencies": {
        "css-select": "~1.2.0",
        "dom-serializer": "~0.1.0",
        "entities": "~1.1.1",
        "htmlparser2": "^3.9.1",
        "lodash.assignin": "^4.0.9",
        "lodash.bind": "^4.1.4",
        "lodash.defaults": "^4.0.1",
        "lodash.filter": "^4.4.0",
        "lodash.flatten": "^4.2.0",
        "lodash.foreach": "^4.3.0",
        "lodash.map": "^4.4.0",
        "lodash.merge": "^4.4.0",
        "lodash.pick": "^4.2.1",
        "lodash.reduce": "^4.4.0",
        "lodash.reject": "^4.4.0",
        "lodash.some": "^4.4.0"
      },
      "engines": {
        "node": ">= 0.6"
      }
    },
    "node_modules/gitbook-plugin-prism/node_modules/css-select": {
      "version": "1.2.0",
      "resolved": "https://registry.npmmirror.com/css-select/-/css-select-1.2.0.tgz",
      "integrity": "sha512-dUQOBoqdR7QwV90WysXPLXG5LO7nhYBgiWVfxF80DKPF8zx1t/pUd2FYy73emg3zrjtM6dzmYgbHKfV2rxiHQA==",
      "license": "BSD-like",
      "dependencies": {
        "boolbase": "~1.0.0",
        "css-what": "2.1",
        "domutils": "1.5.1",
        "nth-check": "~1.0.1"
      }
    },
    "node_modules/gitbook-plugin-prism/node_modules/css-what": {
      "version": "2.1.3",
      "resolved": "https://registry.npmmirror.com/css-what/-/css-what-2.1.3.tgz",
      "integrity": "sha512-a+EPoD+uZiNfh+5fxw2nO9QwFa6nJe2Or35fGY6Ipw1R3R4AGz1d1TEZrCegvw2YTmZ0jXirGYlzxxpYSHwpEg==",
      "license": "BSD-2-Clause",
      "engines": {
        "node": "*"
      }
    },
    "node_modules/gitbook-plugin-prism/node_modules/dom-serializer": {
      "version": "0.1.1",
      "resolved": "https://registry.npmmirror.com/dom-serializer/-/dom-serializer-0.1.1.tgz",
      "integrity": "sha512-l0IU0pPzLWSHBcieZbpOKgkIn3ts3vAh7ZuFyXNwJxJXk/c4Gwj9xaTJwIDVQCXawWD0qb3IzMGH5rglQaO0XA==",
      "license": "MIT",
      "dependencies": {
        "domelementtype": "^1.3.0",
        "entities": "^1.1.1"
      }
    },
    "node_modules/gitbook-plugin-prism/node_modules/domelementtype": {
      "version": "1.3.1",
      "resolved": "https://registry.npmmirror.com/domelementtype/-/domelementtype-1.3.1.tgz",
      "integrity": "sha512-BSKB+TSpMpFI/HOxCNr1O8aMOTZ8hT3pM3GQ0w/mWRmkhEDSFJkkyzz4XQsBV44BChwGkrDfMyjVD0eA2aFV3w==",
      "license": "BSD-2-Clause"
    },
    "node_modules/gitbook-plugin-prism/node_modules/domhandler": {
      "version": "2.4.2",
      "resolved": "https://registry.npmmirror.com/domhandler/-/domhandler-2.4.2.tgz",
      "integrity": "sha512-JiK04h0Ht5u/80fdLMCEmV4zkNh2BcoMFBmZ/91WtYZ8qVXSKjiw7fXMgFPnHcSZgOo3XdinHvmnDUeMf5R4wA==",
      "license": "BSD-2-Clause",
      "dependencies": {
        "domelementtype": "1"
      }
    },
    "node_modules/gitbook-plugin-prism/node_modules/domutils": {
      "version": "1.5.1",
      "resolved": "https://registry.npmmirror.com/domutils/-/domutils-1.5.1.tgz",
      "integrity": "sha512-gSu5Oi/I+3wDENBsOWBiRK1eoGxcywYSqg3rR960/+EfY0CF4EX1VPkgHOZ3WiS/Jg2DtliF6BhWcHlfpYUcGw==",
      "dependencies": {
        "dom-serializer": "0",
        "domelementtype": "1"
      }
    },
    "node_modules/gitbook-plugin-prism/node_modules/entities": {
      "version": "1.1.2",
      "resolved": "https://registry.npmmirror.com/entities/-/entities-1.1.2.tgz",
      "integrity": "sha512-f2LZMYl1Fzu7YSBKg+RoROelpOaNrcGmE9AZubeDfrCEia483oW4MI4VyFd5VNHIgQ/7qm1I0wUHK1eJnn2y2w==",
      "license": "BSD-2-Clause"
    },
    "node_modules/gitbook-plugin-prism/node_modules/htmlparser2": {
      "version": "3.10.1",
      "resolved": "https://registry.npmmirror.com/htmlparser2/-/htmlparser2-3.10.1.tgz",
      "integrity": "sha512-IgieNijUMbkDovyoKObU1DUhm1iwNYE/fuifEoEHfd1oZKZDaONBSkal7Y01shxsM49R4XaMdGez3WnF9UfiCQ==",
      "license": "MIT",
      "dependencies": {
        "domelementtype": "^1.3.1",
        "domhandler": "^2.3.0",
        "domutils": "^1.5.1",
        "entities": "^1.1.1",
        "inherits": "^2.0.1",
        "readable-stream": "^3.1.1"
      }
    },
    "node_modules/gitbook-plugin-prism/node_modules/nth-check": {
      "version": "1.0.2",
      "resolved": "https://registry.npmmirror.com/nth-check/-/nth-check-1.0.2.tgz",
      "integrity": "sha512-WeBOdju8SnzPN5vTUJYxYUxLeXpCaVP5i5e0LF8fg7WORF2Wd7wFX/pk0tYZk7s8T+J7VLy0Da6J1+wCT0AtHg==",
      "license": "BSD-2-Clause",
      "dependencies": {
        "boolbase": "~1.0.0"
      }
    },
    "node_modules/gitbook-plugin-search": {
      "version": "2.2.1",
      "resolved": "https://registry.npmmirror.com/gitbook-plugin-search/-/gitbook-plugin-search-2.2.1.tgz",
      "integrity": "sha512-oP9jhaKFUVPo756G9ywuuI43YdkZClSjfpFzNKe/a/Rcn3oVsrAM/PjdQ+dt65KfZVo3iW1LY4WdiZnNqzRP8g==",
      "dev": true,
      "license": "Apache-2.0",
      "engines": {
        "gitbook": ">=3.0.0-pre.0"
      }
    },
    "node_modules/gitbook-plugin-search-pro": {
      "version": "2.0.2",
      "resolved": "https://registry.npmmirror.com/gitbook-plugin-search-pro/-/gitbook-plugin-search-pro-2.0.2.tgz",
      "integrity": "sha512-JZvfwp1DPsoAeGjGwLsYNr4BBgreAUYBfrpZbnLKg3COAO+OsFYOKEAexHKATOajCEhiQMfkN1rnFGTYP2XTkA==",
      "dev": true,
      "license": "MIT",
      "dependencies": {
        "html-entities": "1.2.0"
      },
      "engines": {
        "gitbook": ">=3.0.0"
      }
    },
    "node_modules/gitbook-plugin-sidebar-style": {
      "version": "1.0.2",
      "resolved": "https://registry.npmmirror.com/gitbook-plugin-sidebar-style/-/gitbook-plugin-sidebar-style-1.0.2.tgz",
      "integrity": "sha512-jMUdoI8X+HvCrdK/HLlBsLUkooeXsXTis9qoX3hXO32pdSK323njEfxrGmDwhysV0UmKP6JGsxbNjl8Vak0omA==",
      "dev": true,
      "license": "MIT",
      "engines": {
        "gitbook": ">1.x.x"
      }
    },
    "node_modules/gitbook-plugin-splitter": {
      "version": "0.0.8",
      "resolved": "https://registry.npmmirror.com/gitbook-plugin-splitter/-/gitbook-plugin-splitter-0.0.8.tgz",
      "integrity": "sha512-EGyaiGNPAOhkc5TDqYCMNa17eFTZJX6aD6M7imJ5JbHtIkKmx3mZhoAnI2ovZrxx3x1tq/lmhq94nkayCl8WdQ==",
      "dev": true,
      "license": "MIT",
      "engines": {
        "gitbook": ">1.x.x"
      }
    },
    "node_modules/github-slugid": {
      "version": "1.0.1",
      "resolved": "https://registry.npmmirror.com/github-slugid/-/github-slugid-1.0.1.tgz",
      "integrity": "sha512-L5uVRzSM8jyWTgHUtaHwmymZW8S234JrIaOGotPK+0emNz9XsO6qqgw1KiI5YfP1SyBjG0ApNYU0vpb01teM9Q==",
      "license": "Apache-2.0"
    },
    "node_modules/highlight.js": {
      "version": "9.8.0",
      "resolved": "https://registry.npmmirror.com/highlight.js/-/highlight.js-9.8.0.tgz",
      "integrity": "sha512-wVMPeK1JZ6AK8+daRQx/65MUJPygjfFfM0WhQq9FBvoShyKAfn9L+fRCudbSpcRg7vxVSqRms7RM4zCK9Ok4Lw==",
      "deprecated": "Version no longer supported. Upgrade to @latest",
      "license": "BSD-3-Clause",
      "engines": {
        "node": "*"
      }
    },
    "node_modules/html-entities": {
      "version": "1.2.0",
      "resolved": "https://registry.npmmirror.com/html-entities/-/html-entities-1.2.0.tgz",
      "integrity": "sha512-0md7tlUUyb0BEQGsZzbqty1CgV6RESOoxdivt94AScqhBhYsPCCQCOaGvur/RospMjYpPJ7iFe3zw4Bu4SVA8g==",
      "dev": true,
      "engines": [
        "node >= 0.4.0"
      ],
      "license": "MIT"
    },
    "node_modules/htmlparser2": {
      "version": "9.1.0",
      "resolved": "https://registry.npmmirror.com/htmlparser2/-/htmlparser2-9.1.0.tgz",
      "integrity": "sha512-5zfg6mHUoaer/97TxnGpxmbR7zJtPwIYFMZ/H5ucTlPZhKvtum05yiPK3Mgai3a0DyVxv7qYqoweaEd2nrYQzQ==",
      "funding": [
        "https://github.com/fb55/htmlparser2?sponsor=1",
        {
          "type": "github",
          "url": "https://github.com/sponsors/fb55"
        }
      ],
      "license": "MIT",
      "dependencies": {
        "domelementtype": "^2.3.0",
        "domhandler": "^5.0.3",
        "domutils": "^3.1.0",
        "entities": "^4.5.0"
      }
    },
    "node_modules/iconv-lite": {
      "version": "0.6.3",
      "resolved": "https://registry.npmmirror.com/iconv-lite/-/iconv-lite-0.6.3.tgz",
      "integrity": "sha512-4fCk79wshMdzMp2rH06qWrJE4iolqLhCUH+OiuIgU++RB0+94NlDL81atO7GX55uUKueo0txHNtvEyI6D7WdMw==",
      "license": "MIT",
      "dependencies": {
        "safer-buffer": ">= 2.1.2 < 3.0.0"
      },
      "engines": {
        "node": ">=0.10.0"
      }
    },
    "node_modules/inherits": {
      "version": "2.0.4",
      "resolved": "https://registry.npmmirror.com/inherits/-/inherits-2.0.4.tgz",
      "integrity": "sha512-k/vGaX4/Yla3WzyMCvTQOXYeIHvqOKtnqBduzTHpzpQZzAskKMhZ2K+EnBiSM9zGSoIFeMpXKxa4dYeZIQqewQ==",
      "license": "ISC"
    },
    "node_modules/lodash.assignin": {
      "version": "4.2.0",
      "resolved": "https://registry.npmmirror.com/lodash.assignin/-/lodash.assignin-4.2.0.tgz",
      "integrity": "sha512-yX/rx6d/UTVh7sSVWVSIMjfnz95evAgDFdb1ZozC35I9mSFCkmzptOzevxjgbQUsc78NR44LVHWjsoMQXy9FDg==",
      "license": "MIT"
    },
    "node_modules/lodash.bind": {
      "version": "4.2.1",
      "resolved": "https://registry.npmmirror.com/lodash.bind/-/lodash.bind-4.2.1.tgz",
      "integrity": "sha512-lxdsn7xxlCymgLYo1gGvVrfHmkjDiyqVv62FAeF2i5ta72BipE1SLxw8hPEPLhD4/247Ijw07UQH7Hq/chT5LA==",
      "license": "MIT"
    },
    "node_modules/lodash.defaults": {
      "version": "4.2.0",
      "resolved": "https://registry.npmmirror.com/lodash.defaults/-/lodash.defaults-4.2.0.tgz",
      "integrity": "sha512-qjxPLHd3r5DnsdGacqOMU6pb/avJzdh9tFX2ymgoZE27BmjXrNy/y4LoaiTeAb+O3gL8AfpJGtqfX/ae2leYYQ==",
      "license": "MIT"
    },
    "node_modules/lodash.filter": {
      "version": "4.6.0",
      "resolved": "https://registry.npmmirror.com/lodash.filter/-/lodash.filter-4.6.0.tgz",
      "integrity": "sha512-pXYUy7PR8BCLwX5mgJ/aNtyOvuJTdZAo9EQFUvMIYugqmJxnrYaANvTbgndOzHSCSR0wnlBBfRXJL5SbWxo3FQ==",
      "license": "MIT"
    },
    "node_modules/lodash.flatten": {
      "version": "4.4.0",
      "resolved": "https://registry.npmmirror.com/lodash.flatten/-/lodash.flatten-4.4.0.tgz",
      "integrity": "sha512-C5N2Z3DgnnKr0LOpv/hKCgKdb7ZZwafIrsesve6lmzvZIRZRGaZ/l6Q8+2W7NaT+ZwO3fFlSCzCzrDCFdJfZ4g==",
      "license": "MIT"
    },
    "node_modules/lodash.foreach": {
      "version": "4.5.0",
      "resolved": "https://registry.npmmirror.com/lodash.foreach/-/lodash.foreach-4.5.0.tgz",
      "integrity": "sha512-aEXTF4d+m05rVOAUG3z4vZZ4xVexLKZGF0lIxuHZ1Hplpk/3B6Z1+/ICICYRLm7c41Z2xiejbkCkJoTlypoXhQ==",
      "license": "MIT"
    },
    "node_modules/lodash.map": {
      "version": "4.6.0",
      "resolved": "https://registry.npmmirror.com/lodash.map/-/lodash.map-4.6.0.tgz",
      "integrity": "sha512-worNHGKLDetmcEYDvh2stPCrrQRkP20E4l0iIS7F8EvzMqBBi7ltvFN5m1HvTf1P7Jk1txKhvFcmYsCr8O2F1Q==",
      "license": "MIT"
    },
    "node_modules/lodash.merge": {
      "version": "4.6.2",
      "resolved": "https://registry.npmmirror.com/lodash.merge/-/lodash.merge-4.6.2.tgz",
      "integrity": "sha512-0KpjqXRVvrYyCsX1swR/XTK0va6VQkQM6MNo7PqW77ByjAhoARA8EfrP1N4+KlKj8YS0ZUCtRT/YUuhyYDujIQ==",
      "license": "MIT"
    },
    "node_modules/lodash.pick": {
      "version": "4.4.0",
      "resolved": "https://registry.npmmirror.com/lodash.pick/-/lodash.pick-4.4.0.tgz",
      "integrity": "sha512-hXt6Ul/5yWjfklSGvLQl8vM//l3FtyHZeuelpzK6mm99pNvN9yTDruNZPEJZD1oWrqo+izBmB7oUfWgcCX7s4Q==",
      "license": "MIT"
    },
    "node_modules/lodash.reduce": {
      "version": "4.6.0",
      "resolved": "https://registry.npmmirror.com/lodash.reduce/-/lodash.reduce-4.6.0.tgz",
      "integrity": "sha512-6raRe2vxCYBhpBu+B+TtNGUzah+hQjVdu3E17wfusjyrXBka2nBS8OH/gjVZ5PvHOhWmIZTYri09Z6n/QfnNMw==",
      "license": "MIT"
    },
    "node_modules/lodash.reject": {
      "version": "4.6.0",
      "resolved": "https://registry.npmmirror.com/lodash.reject/-/lodash.reject-4.6.0.tgz",
      "integrity": "sha512-qkTuvgEzYdyhiJBx42YPzPo71R1aEr0z79kAv7Ixg8wPFEjgRgJdUsGMG3Hf3OYSF/kHI79XhNlt+5Ar6OzwxQ==",
      "license": "MIT"
    },
    "node_modules/lodash.some": {
      "version": "4.6.0",
      "resolved": "https://registry.npmmirror.com/lodash.some/-/lodash.some-4.6.0.tgz",
      "integrity": "sha512-j7MJE+TuT51q9ggt4fSgVqro163BEFjAt3u97IqU+JA2DkWl80nFTrowzLpZ/BnpN7rrl0JA/593NAdd8p/scQ==",
      "license": "MIT"
    },
    "node_modules/lunr": {
      "version": "0.5.12",
      "resolved": "https://registry.npmmirror.com/lunr/-/lunr-0.5.12.tgz",
      "integrity": "sha512-/EtfOyuNP7BLVKhDvLyKJkFvCup2vwcIwQXCuasZEFk7XUJ4/blztVuefeLapUb1I5uMGsosN9A8J9Mu9A6yBg==",
      "dev": true,
      "license": "MIT"
    },
    "node_modules/minimist": {
      "version": "0.0.8",
      "resolved": "https://registry.npmmirror.com/minimist/-/minimist-0.0.8.tgz",
      "integrity": "sha512-miQKw5Hv4NS1Psg2517mV4e4dYNaO3++hjAvLOAzKqZ61rH8NS1SK+vbfBWZ5PY/Me/bEWhUwqMghEW5Fb9T7Q==",
      "license": "MIT"
    },
    "node_modules/mkdirp": {
      "version": "0.5.1",
      "resolved": "https://registry.npmmirror.com/mkdirp/-/mkdirp-0.5.1.tgz",
      "integrity": "sha512-SknJC52obPfGQPnjIkXbmA6+5H15E+fR+E4iR2oQ3zzCLbd7/ONua69R/Gw7AgkTLsRG+r5fzksYwWe1AgTyWA==",
      "deprecated": "Legacy versions of mkdirp are no longer supported. Please update to mkdirp 1.x. (Note that the API surface has changed to use Promises in 1.x.)",
      "license": "MIT",
      "dependencies": {
        "minimist": "0.0.8"
      },
      "bin": {
        "mkdirp": "bin/cmd.js"
      }
    },
    "node_modules/nth-check": {
      "version": "2.1.1",
      "resolved": "https://registry.npmmirror.com/nth-check/-/nth-check-2.1.1.tgz",
      "integrity": "sha512-lqjrjmaOoAnWfMmBPL+XNnynZh2+swxiX3WUE0s4yEHI6m+AwrK2UZOimIRl3X/4QctVqS8AiZjFqyOGrMXb/w==",
      "license": "BSD-2-Clause",
      "dependencies": {
        "boolbase": "^1.0.0"
      },
      "funding": {
        "url": "https://github.com/fb55/nth-check?sponsor=1"
      }
    },
    "node_modules/parse5": {
      "version": "7.2.0",
      "resolved": "https://registry.npmmirror.com/parse5/-/parse5-7.2.0.tgz",
      "integrity": "sha512-ZkDsAOcxsUMZ4Lz5fVciOehNcJ+Gb8gTzcA4yl3wnc273BAybYWrQ+Ks/OjCjSEpjvQkDSeZbybK9qj2VHHdGA==",
      "license": "MIT",
      "dependencies": {
        "entities": "^4.5.0"
      },
      "funding": {
        "url": "https://github.com/inikulin/parse5?sponsor=1"
      }
    },
    "node_modules/parse5-htmlparser2-tree-adapter": {
      "version": "7.1.0",
      "resolved": "https://registry.npmmirror.com/parse5-htmlparser2-tree-adapter/-/parse5-htmlparser2-tree-adapter-7.1.0.tgz",
      "integrity": "sha512-ruw5xyKs6lrpo9x9rCZqZZnIUntICjQAd0Wsmp396Ul9lN/h+ifgVV1x1gZHi8euej6wTfpqX8j+BFQxF0NS/g==",
      "license": "MIT",
      "dependencies": {
        "domhandler": "^5.0.3",
        "parse5": "^7.0.0"
      },
      "funding": {
        "url": "https://github.com/inikulin/parse5?sponsor=1"
      }
    },
    "node_modules/parse5-parser-stream": {
      "version": "7.1.2",
      "resolved": "https://registry.npmmirror.com/parse5-parser-stream/-/parse5-parser-stream-7.1.2.tgz",
      "integrity": "sha512-JyeQc9iwFLn5TbvvqACIF/VXG6abODeB3Fwmv/TGdLk2LfbWkaySGY72at4+Ty7EkPZj854u4CrICqNk2qIbow==",
      "license": "MIT",
      "dependencies": {
        "parse5": "^7.0.0"
      },
      "funding": {
        "url": "https://github.com/inikulin/parse5?sponsor=1"
      }
    },
    "node_modules/prismjs": {
      "version": "1.29.0",
      "resolved": "https://registry.npmmirror.com/prismjs/-/prismjs-1.29.0.tgz",
      "integrity": "sha512-Kx/1w86q/epKcmte75LNrEoT+lX8pBpavuAbvJWRXar7Hz8jrtF+e3vY751p0R8H9HdArwaCTNDDzHg/ScJK1Q==",
      "license": "MIT",
      "engines": {
        "node": ">=6"
      }
    },
    "node_modules/readable-stream": {
      "version": "3.6.2",
      "resolved": "https://registry.npmmirror.com/readable-stream/-/readable-stream-3.6.2.tgz",
      "integrity": "sha512-9u/sniCrY3D5WdsERHzHE4G2YCXqoG5FTHUiCC4SIbr6XcLZBY05ya9EKjYek9O5xOAwjGq+1JdGBAS7Q9ScoA==",
      "license": "MIT",
      "dependencies": {
        "inherits": "^2.0.3",
        "string_decoder": "^1.1.1",
        "util-deprecate": "^1.0.1"
      },
      "engines": {
        "node": ">= 6"
      }
    },
    "node_modules/safe-buffer": {
      "version": "5.2.1",
      "resolved": "https://registry.npmmirror.com/safe-buffer/-/safe-buffer-5.2.1.tgz",
      "integrity": "sha512-rp3So07KcdmmKbGvgaNxQSJr7bGVSVk5S9Eq1F+ppbRo70+YeaDxkw5Dd8NPN+GD6bjnYm2VuPuCXmpuYvmCXQ==",
      "funding": [
        {
          "type": "github",
          "url": "https://github.com/sponsors/feross"
        },
        {
          "type": "patreon",
          "url": "https://www.patreon.com/feross"
        },
        {
          "type": "consulting",
          "url": "https://feross.org/support"
        }
      ],
      "license": "MIT"
    },
    "node_modules/safer-buffer": {
      "version": "2.1.2",
      "resolved": "https://registry.npmmirror.com/safer-buffer/-/safer-buffer-2.1.2.tgz",
      "integrity": "sha512-YZo3K82SD7Riyi0E1EQPojLz7kpepnSQI9IyPbHHg1XXXevb5dJI7tpyN2ADxGcQbHG7vcyRHk0cbwqcQriUtg==",
      "license": "MIT"
    },
    "node_modules/string_decoder": {
      "version": "1.3.0",
      "resolved": "https://registry.npmmirror.com/string_decoder/-/string_decoder-1.3.0.tgz",
      "integrity": "sha512-hkRX8U1WjJFd8LsDJ2yQ/wWWxaopEsABU1XfkM8A+j0+85JAGppt16cr1Whg6KIbb4okU6Mql6BOj+uup/wKeA==",
      "license": "MIT",
      "dependencies": {
        "safe-buffer": "~5.2.0"
      }
    },
    "node_modules/undici": {
      "version": "6.20.1",
      "resolved": "https://registry.npmmirror.com/undici/-/undici-6.20.1.tgz",
      "integrity": "sha512-AjQF1QsmqfJys+LXfGTNum+qw4S88CojRInG/6t31W/1fk6G59s92bnAvGz5Cmur+kQv2SURXEvvudLmbrE8QA==",
      "license": "MIT",
      "engines": {
        "node": ">=18.17"
      }
    },
    "node_modules/util-deprecate": {
      "version": "1.0.2",
      "resolved": "https://registry.npmmirror.com/util-deprecate/-/util-deprecate-1.0.2.tgz",
      "integrity": "sha512-EPD5q1uXyFxJpCrLnCc1nHnq3gOa6DZBocAIiI2TaSCA7VCJ1UJDMagCzIkXNsUYfD1daK//LTEQ8xiIbrHtcw==",
      "license": "MIT"
    },
    "node_modules/whatwg-encoding": {
      "version": "3.1.1",
      "resolved": "https://registry.npmmirror.com/whatwg-encoding/-/whatwg-encoding-3.1.1.tgz",
      "integrity": "sha512-6qN4hJdMwfYBtE3YBTTHhoeuUrDBPZmbQaxWAqSALV/MeEnR5z1xd8UKud2RAkFoPkmB+hli1TZSnyi84xz1vQ==",
      "license": "MIT",
      "dependencies": {
        "iconv-lite": "0.6.3"
      },
      "engines": {
        "node": ">=18"
      }
    },
    "node_modules/whatwg-mimetype": {
      "version": "4.0.0",
      "resolved": "https://registry.npmmirror.com/whatwg-mimetype/-/whatwg-mimetype-4.0.0.tgz",
      "integrity": "sha512-QaKxh0eNIi2mE9p2vEdzfagOKHCcj1pJ56EEHGQOVxp8r9/iszLUUV7v89x9O1p/T+NlTM5W7jW6+cz4Fq1YVg==",
      "license": "MIT",
      "engines": {
        "node": ">=18"
      }
    }
  }
}
